
Microsoft Visual Studio Solution File, Format Version 12.00
# Visual Studio 2013
VisualStudioVersion = 12.0.40629.0
MinimumVisualStudioVersion = 10.0.40219.1
Project("{FAE04EC0-301F-11D3-BF4B-00C04F79EFBC}") = "AdvancedXml.Example.Xsd", "AdvancedXml.Example.Xsd\AdvancedXml.Example.Xsd.csproj", "{28E72E4B-77A5-428A-897E-A6181690171D}"
EndProject
Project("{FAE04EC0-301F-11D3-BF4B-00C04F79EFBC}") = "AdvancedXml.Example.Xsd.Tests", "AdvancedXml.Example.Xsd.Tests\AdvancedXml.Example.Xsd.Tests.csproj", "{7AE0C552-C488-492C-BD9C-33AD3EEBA12F}"
EndProject
Project("{FAE04EC0-301F-11D3-BF4B-00C04F79EFBC}") = "AdvancedXml.Example.Atom", "AdvancedXml.Example.Atom\AdvancedXml.Example.Atom.csproj", "{EDD2F399-4F78-4964-B519-4291F0B7F222}"
EndProject
Project("{FAE04EC0-301F-11D3-BF4B-00C04F79EFBC}") = "AdvancedXml.Example.Atom.Tests", "AdvancedXml.Example.Atom.Tests\AdvancedXml.Example.Atom.Tests.csproj", "{C0D7C2AB-4D70-4FF3-97CC-E505AE397904}"
EndProject
Global
	GlobalSection(SolutionConfigurationPlatforms) = preSolution
		Debug|Any CPU = Debug|Any CPU
		Release|Any CPU = Release|Any CPU
	EndGlobalSection
	GlobalSection(ProjectConfigurationPlatforms) = postSolution
		{28E72E4B-77A5-428A-897E-A6181690171D}.Debug|Any CPU.ActiveCfg = Debug|Any CPU
		{28E72E4B-77A5-428A-897E-A6181690171D}.Debug|Any CPU.Build.0 = Debug|Any CPU
		{28E72E4B-77A5-428A-897E-A6181690171D}.Release|Any CPU.ActiveCfg = Release|Any CPU
		{28E72E4B-77A5-428A-897E-A6181690171D}.Release|Any CPU.Build.0 = Release|Any CPU
		{7AE0C552-C488-492C-BD9C-33AD3EEBA12F}.Debug|Any CPU.ActiveCfg = Debug|Any CPU
		{7AE0C552-C488-492C-BD9C-33AD3EEBA12F}.Debug|Any CPU.Build.0 = Debug|Any CPU
		{7AE0C552-C488-492C-BD9C-33AD3EEBA12F}.Release|Any CPU.ActiveCfg = Release|Any CPU
		{7AE0C552-C488-492C-BD9C-33AD3EEBA12F}.Release|Any CPU.Build.0 = Release|Any CPU
		{EDD2F399-4F78-4964-B519-4291F0B7F222}.Debug|Any CPU.ActiveCfg = Debug|Any CPU
		{EDD2F399-4F78-4964-B519-4291F0B7F222}.Debug|Any CPU.Build.0 = Debug|Any CPU
		{EDD2F399-4F78-4964-B519-4291F0B7F222}.Release|Any CPU.ActiveCfg = Release|Any CPU
		{EDD2F399-4F78-4964-B519-4291F0B7F222}.Release|Any CPU.Build.0 = Release|Any CPU
		{C0D7C2AB-4D70-4FF3-97CC-E505AE397904}.Debug|Any CPU.ActiveCfg = Debug|Any CPU
		{C0D7C2AB-4D70-4FF3-97CC-E505AE397904}.Debug|Any CPU.Build.0 = Debug|Any CPU
		{C0D7C2AB-4D70-4FF3-97CC-E505AE397904}.Release|Any CPU.ActiveCfg = Release|Any CPU
		{C0D7C2AB-4D70-4FF3-97CC-E505AE397904}.Release|Any CPU.Build.0 = Release|Any CPU
	EndGlobalSection
	GlobalSection(SolutionProperties) = preSolution
		HideSolutionNode = FALSE
	EndGlobalSection
EndGlobal
