
Microsoft Visual Studio Solution File, Format Version 12.00
# Visual Studio 14
VisualStudioVersion = 14.0.24720.0
MinimumVisualStudioVersion = 10.0.40219.1
Project("{FAE04EC0-301F-11D3-BF4B-00C04F79EFBC}") = "MessageQueues.CentralHost", "MessageQueues.CentralHost\MessageQueues.CentralHost.csproj", "{A53DC93D-0FFF-4F30-9696-7305D1B8DDEA}"
EndProject
Project("{FAE04EC0-301F-11D3-BF4B-00C04F79EFBC}") = "MessageQueues.HarvesterHost", "MessageQueues.HarvesterHost\MessageQueues.HarvesterHost.csproj", "{2F0DFB14-DC8F-43F8-A77A-5ADD1E64BA7F}"
EndProject
Project("{2150E333-8FDC-42A3-9474-1A3956D46DE8}") = "Solution Items", "Solution Items", "{5B261262-6293-4850-AB2F-3526D63E39BF}"
	ProjectSection(SolutionItems) = preProject
		Task.txt = Task.txt
	EndProjectSection
EndProject
Project("{FAE04EC0-301F-11D3-BF4B-00C04F79EFBC}") = "MessageQueues.HarvesterHost.Core", "MessageQueues.HarvesterHost.Core\MessageQueues.HarvesterHost.Core.csproj", "{BF0ECF64-956E-460A-A33F-21EF351AAB61}"
EndProject
Project("{FAE04EC0-301F-11D3-BF4B-00C04F79EFBC}") = "MessageQueues.CentralHost.Core", "MessageQueues.CentralHost.Core\MessageQueues.CentralHost.Core.csproj", "{DA69AC6D-0EE9-4430-BB7F-DF2946A45869}"
EndProject
Project("{FAE04EC0-301F-11D3-BF4B-00C04F79EFBC}") = "MessageQueues.Core", "MessageQueues.Core\MessageQueues.Core.csproj", "{F5535615-3694-4BBB-8A61-03AA40BFCE0F}"
EndProject
Project("{FAE04EC0-301F-11D3-BF4B-00C04F79EFBC}") = "MessageQueues.Core.StateManagement", "MessageQueues.Core.StateManagement\MessageQueues.Core.StateManagement.csproj", "{D39B8287-0C81-4992-AE85-24A3DE761450}"
EndProject
Global
	GlobalSection(SolutionConfigurationPlatforms) = preSolution
		Debug|Any CPU = Debug|Any CPU
		Release|Any CPU = Release|Any CPU
	EndGlobalSection
	GlobalSection(ProjectConfigurationPlatforms) = postSolution
		{A53DC93D-0FFF-4F30-9696-7305D1B8DDEA}.Debug|Any CPU.ActiveCfg = Debug|Any CPU
		{A53DC93D-0FFF-4F30-9696-7305D1B8DDEA}.Debug|Any CPU.Build.0 = Debug|Any CPU
		{A53DC93D-0FFF-4F30-9696-7305D1B8DDEA}.Release|Any CPU.ActiveCfg = Release|Any CPU
		{A53DC93D-0FFF-4F30-9696-7305D1B8DDEA}.Release|Any CPU.Build.0 = Release|Any CPU
		{2F0DFB14-DC8F-43F8-A77A-5ADD1E64BA7F}.Debug|Any CPU.ActiveCfg = Debug|Any CPU
		{2F0DFB14-DC8F-43F8-A77A-5ADD1E64BA7F}.Debug|Any CPU.Build.0 = Debug|Any CPU
		{2F0DFB14-DC8F-43F8-A77A-5ADD1E64BA7F}.Release|Any CPU.ActiveCfg = Release|Any CPU
		{2F0DFB14-DC8F-43F8-A77A-5ADD1E64BA7F}.Release|Any CPU.Build.0 = Release|Any CPU
		{BF0ECF64-956E-460A-A33F-21EF351AAB61}.Debug|Any CPU.ActiveCfg = Debug|Any CPU
		{BF0ECF64-956E-460A-A33F-21EF351AAB61}.Debug|Any CPU.Build.0 = Debug|Any CPU
		{BF0ECF64-956E-460A-A33F-21EF351AAB61}.Release|Any CPU.ActiveCfg = Release|Any CPU
		{BF0ECF64-956E-460A-A33F-21EF351AAB61}.Release|Any CPU.Build.0 = Release|Any CPU
		{DA69AC6D-0EE9-4430-BB7F-DF2946A45869}.Debug|Any CPU.ActiveCfg = Debug|Any CPU
		{DA69AC6D-0EE9-4430-BB7F-DF2946A45869}.Debug|Any CPU.Build.0 = Debug|Any CPU
		{DA69AC6D-0EE9-4430-BB7F-DF2946A45869}.Release|Any CPU.ActiveCfg = Release|Any CPU
		{DA69AC6D-0EE9-4430-BB7F-DF2946A45869}.Release|Any CPU.Build.0 = Release|Any CPU
		{F5535615-3694-4BBB-8A61-03AA40BFCE0F}.Debug|Any CPU.ActiveCfg = Debug|Any CPU
		{F5535615-3694-4BBB-8A61-03AA40BFCE0F}.Debug|Any CPU.Build.0 = Debug|Any CPU
		{F5535615-3694-4BBB-8A61-03AA40BFCE0F}.Release|Any CPU.ActiveCfg = Release|Any CPU
		{F5535615-3694-4BBB-8A61-03AA40BFCE0F}.Release|Any CPU.Build.0 = Release|Any CPU
		{D39B8287-0C81-4992-AE85-24A3DE761450}.Debug|Any CPU.ActiveCfg = Debug|Any CPU
		{D39B8287-0C81-4992-AE85-24A3DE761450}.Debug|Any CPU.Build.0 = Debug|Any CPU
		{D39B8287-0C81-4992-AE85-24A3DE761450}.Release|Any CPU.ActiveCfg = Release|Any CPU
		{D39B8287-0C81-4992-AE85-24A3DE761450}.Release|Any CPU.Build.0 = Release|Any CPU
	EndGlobalSection
	GlobalSection(SolutionProperties) = preSolution
		HideSolutionNode = FALSE
	EndGlobalSection
EndGlobal
